# This is a Gradle generated file for dependency locking.
# Manual edits can break the build and are not advised.
# This file is expected to be part of source control.
com.facebook:ktfmt:0.61=ktfmt
com.fasterxml.jackson.core:jackson-annotations:2.21=palantir
com.fasterxml.jackson.core:jackson-core:2.21.0=palantir
com.fasterxml.jackson.core:jackson-databind:2.21.0=palantir
com.fasterxml.jackson.datatype:jackson-datatype-guava:2.21.0=palantir
com.fasterxml.jackson.datatype:jackson-datatype-jdk8:2.21.0=palantir
com.fasterxml.jackson.module:jackson-module-parameter-names:2.21.0=palantir
com.fasterxml.jackson:jackson-bom:2.21.0=palantir
com.google.code.findbugs:jsr305:3.0.2=palantir
com.google.errorprone:error_prone_annotations:2.41.0=ktfmt,palantir
com.google.googlejavaformat:google-java-format:1.23.0=ktfmt
com.google.guava:failureaccess:1.0.3=ktfmt,palantir
com.google.guava:guava:33.5.0-jre=ktfmt,palantir
com.google.guava:listenablefuture:9999.0-empty-to-avoid-conflict-with-guava=ktfmt,palantir
com.google.j2objc:j2objc-annotations:3.1=ktfmt,palantir
com.palantir.javaformat:palantir-java-format-spi:2.89.0=palantir
com.palantir.javaformat:palantir-java-format:2.89.0=palantir
dev.drewhamilton.poko:poko-annotations-jvm:0.17.1=testRuntimeClasspath
dev.drewhamilton.poko:poko-annotations:0.17.1=testRuntimeClasspath
io.github.davidburstrom.contester:contester-breakpoint:0.2.0=testRuntimeClasspath
io.github.detekt.sarif4k:sarif4k-jvm:0.6.0=testRuntimeClasspath
io.github.detekt.sarif4k:sarif4k:0.6.0=testRuntimeClasspath
io.github.java-diff-utils:java-diff-utils:4.12=kotlinInternalAbiValidation
io.gitlab.arturbosch.detekt:detekt-api:1.23.8=compileClasspath,testCompileClasspath,testRuntimeClasspath
io.gitlab.arturbosch.detekt:detekt-core:1.23.8=testRuntimeClasspath
io.gitlab.arturbosch.detekt:detekt-metrics:1.23.8=testRuntimeClasspath
io.gitlab.arturbosch.detekt:detekt-parser:1.23.8=testRuntimeClasspath
io.gitlab.arturbosch.detekt:detekt-psi-utils:1.23.8=compileClasspath,testCompileClasspath,testRuntimeClasspath
io.gitlab.arturbosch.detekt:detekt-report-html:1.23.8=testRuntimeClasspath
io.gitlab.arturbosch.detekt:detekt-report-md:1.23.8=testRuntimeClasspath
io.gitlab.arturbosch.detekt:detekt-report-sarif:1.23.8=testRuntimeClasspath
io.gitlab.arturbosch.detekt:detekt-report-txt:1.23.8=testRuntimeClasspath
io.gitlab.arturbosch.detekt:detekt-report-xml:1.23.8=testRuntimeClasspath
io.gitlab.arturbosch.detekt:detekt-test-utils:1.23.8=testCompileClasspath,testRuntimeClasspath
io.gitlab.arturbosch.detekt:detekt-test:1.23.8=testCompileClasspath,testRuntimeClasspath
io.gitlab.arturbosch.detekt:detekt-tooling:1.23.8=testRuntimeClasspath
io.gitlab.arturbosch.detekt:detekt-utils:1.23.8=testRuntimeClasspath
net.bytebuddy:byte-buddy:1.18.3=testCompileClasspath,testRuntimeClasspath
net.java.dev.jna:jna:4.2.2=ktfmt
org.apiguardian:apiguardian-api:1.1.2=testCompileClasspath
org.assertj:assertj-core:3.27.7=testCompileClasspath,testRuntimeClasspath
org.ec4j.core:ec4j-core:1.2.0=ktfmt
org.functionaljava:functionaljava:5.0=palantir
org.jetbrains.intellij.deps:trove4j:1.0.20200330=testRuntimeClasspath
org.jetbrains.kotlin:abi-tools-api:2.3.21=kotlinInternalAbiValidation
org.jetbrains.kotlin:abi-tools:2.3.21=kotlinInternalAbiValidation
org.jetbrains.kotlin:kotlin-build-tools-api:2.3.21=kotlinBuildToolsApiClasspath,kotlinCompilerClasspath
org.jetbrains.kotlin:kotlin-build-tools-compat:2.3.21=kotlinBuildToolsApiClasspath,kotlinCompilerClasspath
org.jetbrains.kotlin:kotlin-build-tools-cri-impl:2.3.21=kotlinBuildToolsApiClasspath,kotlinCompilerClasspath
org.jetbrains.kotlin:kotlin-build-tools-impl:2.3.21=kotlinBuildToolsApiClasspath,kotlinCompilerClasspath
org.jetbrains.kotlin:kotlin-compiler-embeddable:2.0.21=compileClasspath,testCompileClasspath,testRuntimeClasspath
org.jetbrains.kotlin:kotlin-compiler-embeddable:2.2.0=ktfmt
org.jetbrains.kotlin:kotlin-compiler-embeddable:2.3.21=kotlinBuildToolsApiClasspath,kotlinCompilerClasspath,kotlinKlibCommonizerClasspath
org.jetbrains.kotlin:kotlin-compiler-runner:2.3.21=kotlinBuildToolsApiClasspath,kotlinCompilerClasspath
org.jetbrains.kotlin:kotlin-daemon-client:2.3.21=kotlinBuildToolsApiClasspath,kotlinCompilerClasspath
org.jetbrains.kotlin:kotlin-daemon-embeddable:2.0.21=testRuntimeClasspath
org.jetbrains.kotlin:kotlin-daemon-embeddable:2.2.0=ktfmt
org.jetbrains.kotlin:kotlin-daemon-embeddable:2.3.21=kotlinBuildToolsApiClasspath,kotlinCompilerClasspath,kotlinKlibCommonizerClasspath
org.jetbrains.kotlin:kotlin-klib-abi-reader:2.3.21=kotlinInternalAbiValidation
org.jetbrains.kotlin:kotlin-klib-commonizer-embeddable:2.3.21=kotlinKlibCommonizerClasspath
org.jetbrains.kotlin:kotlin-main-kts:2.0.21=testRuntimeClasspath
org.jetbrains.kotlin:kotlin-metadata-jvm:2.3.21=kotlinInternalAbiValidation
org.jetbrains.kotlin:kotlin-reflect:1.6.10=kotlinBuildToolsApiClasspath,kotlinCompilerClasspath,kotlinKlibCommonizerClasspath,ktfmt
org.jetbrains.kotlin:kotlin-reflect:2.0.21=testRuntimeClasspath
org.jetbrains.kotlin:kotlin-script-runtime:2.0.21=testRuntimeClasspath
org.jetbrains.kotlin:kotlin-script-runtime:2.2.0=ktfmt
org.jetbrains.kotlin:kotlin-script-runtime:2.3.21=kotlinBuildToolsApiClasspath,kotlinCompilerClasspath,kotlinCompilerPluginClasspathMain,kotlinCompilerPluginClasspathTest,kotlinKlibCommonizerClasspath
org.jetbrains.kotlin:kotlin-scripting-common:2.0.21=testRuntimeClasspath
org.jetbrains.kotlin:kotlin-scripting-common:2.3.21=kotlinCompilerPluginClasspathMain,kotlinCompilerPluginClasspathTest
org.jetbrains.kotlin:kotlin-scripting-compiler-embeddable:2.0.21=testRuntimeClasspath
org.jetbrains.kotlin:kotlin-scripting-compiler-embeddable:2.3.21=kotlinCompilerPluginClasspathMain,kotlinCompilerPluginClasspathTest
org.jetbrains.kotlin:kotlin-scripting-compiler-impl-embeddable:2.0.21=testRuntimeClasspath
org.jetbrains.kotlin:kotlin-scripting-compiler-impl-embeddable:2.3.21=kotlinCompilerPluginClasspathMain,kotlinCompilerPluginClasspathTest
org.jetbrains.kotlin:kotlin-scripting-jvm:2.0.21=testRuntimeClasspath
org.jetbrains.kotlin:kotlin-scripting-jvm:2.3.21=kotlinCompilerPluginClasspathMain,kotlinCompilerPluginClasspathTest
org.jetbrains.kotlin:kotlin-stdlib-common:2.3.21=testRuntimeClasspath
org.jetbrains.kotlin:kotlin-stdlib-jdk7:2.0.21=testCompileClasspath,testRuntimeClasspath
org.jetbrains.kotlin:kotlin-stdlib-jdk8:2.0.21=testCompileClasspath,testRuntimeClasspath
org.jetbrains.kotlin:kotlin-stdlib:2.2.0=ktfmt
org.jetbrains.kotlin:kotlin-stdlib:2.3.21=compileClasspath,kotlinBuildToolsApiClasspath,kotlinCompilerClasspath,kotlinCompilerPluginClasspathMain,kotlinCompilerPluginClasspathTest,kotlinInternalAbiValidation,kotlinKlibCommonizerClasspath,runtimeClasspath,testCompileClasspath,testRuntimeClasspath
org.jetbrains.kotlin:kotlin-tooling-core:2.3.21=kotlinBuildToolsApiClasspath,kotlinCompilerClasspath
org.jetbrains.kotlinx:kotlinx-coroutines-bom:1.7.1=testRuntimeClasspath
org.jetbrains.kotlinx:kotlinx-coroutines-core-jvm:1.7.1=testRuntimeClasspath
org.jetbrains.kotlinx:kotlinx-coroutines-core-jvm:1.8.0=kotlinBuildToolsApiClasspath,kotlinCompilerClasspath,kotlinKlibCommonizerClasspath,ktfmt
org.jetbrains.kotlinx:kotlinx-coroutines-core:1.7.1=testRuntimeClasspath
org.jetbrains.kotlinx:kotlinx-html-jvm:0.8.1=testRuntimeClasspath
org.jetbrains.kotlinx:kotlinx-serialization-core-jvm:1.4.1=testRuntimeClasspath
org.jetbrains.kotlinx:kotlinx-serialization-core:1.4.1=testRuntimeClasspath
org.jetbrains.kotlinx:kotlinx-serialization-json-jvm:1.4.1=testRuntimeClasspath
org.jetbrains.kotlinx:kotlinx-serialization-json:1.4.1=testRuntimeClasspath
org.jetbrains:annotations:13.0=compileClasspath,kotlinBuildToolsApiClasspath,kotlinCompilerClasspath,kotlinCompilerPluginClasspathMain,kotlinCompilerPluginClasspathTest,kotlinInternalAbiValidation,kotlinKlibCommonizerClasspath,ktfmt,runtimeClasspath,testCompileClasspath
org.jetbrains:annotations:23.0.0=testRuntimeClasspath
org.jspecify:jspecify:1.0.0=ktfmt,palantir
org.junit.jupiter:junit-jupiter-api:5.14.4=testCompileClasspath,testRuntimeClasspath
org.junit.jupiter:junit-jupiter-engine:5.14.4=testRuntimeClasspath
org.junit.platform:junit-platform-commons:1.14.4=testCompileClasspath,testRuntimeClasspath
org.junit.platform:junit-platform-engine:1.14.4=testRuntimeClasspath
org.junit.platform:junit-platform-launcher:1.14.4=testRuntimeClasspath
org.junit:junit-bom:5.14.4=testCompileClasspath,testRuntimeClasspath
org.opentest4j:opentest4j:1.3.0=testCompileClasspath,testRuntimeClasspath
org.slf4j:slf4j-api:2.0.18=testRuntimeClasspath
org.slf4j:slf4j-nop:2.0.18=testRuntimeClasspath
org.snakeyaml:snakeyaml-engine:2.7=testRuntimeClasspath
empty=annotationProcessor,implementationDependenciesMetadata,kotlinCompilerPluginClasspath,kotlinNativeCompilerPluginClasspath,kotlinScriptDefExtensions,testAnnotationProcessor,testImplementationDependenciesMetadata,testKotlinScriptDefExtensions
