# This file is automatically @generated by Cargo.
# It is not intended for manual editing.
version = 4

[[package]]
name = "proto-regen"
version = "0.1.0"
dependencies = [
 "protobuf-codegen",
]

[[package]]
name = "protobuf-codegen"
version = "4.34.1-release"
source = "registry+https://github.com/rust-lang/crates.io-index"
checksum = "8eae99d63994a6a24b8903140dba6ee369c68933faaf09679655b4aaba4e798f"
