# This is a Gradle generated file for dependency locking.
# Manual edits can break the build and are not advised.
# This file is expected to be part of source control.
com.fasterxml.jackson.core:jackson-annotations:2.15.3=buildScriptClasspath,precompiledScriptPluginAccessorsGenerationClasspath,runtimeClasspath,testRuntimeClasspath
com.fasterxml.jackson.core:jackson-core:2.15.3=buildScriptClasspath,precompiledScriptPluginAccessorsGenerationClasspath,runtimeClasspath,testRuntimeClasspath
com.fasterxml.jackson.core:jackson-databind:2.15.3=buildScriptClasspath,precompiledScriptPluginAccessorsGenerationClasspath,runtimeClasspath,testRuntimeClasspath
com.fasterxml.jackson.dataformat:jackson-dataformat-xml:2.15.3=buildScriptClasspath,precompiledScriptPluginAccessorsGenerationClasspath,runtimeClasspath,testRuntimeClasspath
com.fasterxml.jackson.module:jackson-module-kotlin:2.15.3=buildScriptClasspath,precompiledScriptPluginAccessorsGenerationClasspath,runtimeClasspath,testRuntimeClasspath
com.fasterxml.jackson:jackson-bom:2.15.3=buildScriptClasspath,precompiledScriptPluginAccessorsGenerationClasspath,runtimeClasspath,testRuntimeClasspath
com.fasterxml.woodstox:woodstox-core:7.1.0=buildScriptClasspath,precompiledScriptPluginAccessorsGenerationClasspath,runtimeClasspath,testRuntimeClasspath
com.github.zafarkhaja:java-semver:0.10.2=buildScriptClasspath,precompiledScriptPluginAccessorsGenerationClasspath,runtimeClasspath,testRuntimeClasspath
com.google.code.gson:gson:2.11.0=buildScriptClasspath,precompiledScriptPluginAccessorsGenerationClasspath,runtimeClasspath,testRuntimeClasspath
com.google.errorprone:error_prone_annotations:2.27.0=buildScriptClasspath,precompiledScriptPluginAccessorsGenerationClasspath,runtimeClasspath,testRuntimeClasspath
com.gradleup.shadow:shadow-gradle-plugin:8.3.8=buildScriptClasspath,compileClasspath,precompiledScriptPluginAccessorsGenerationClasspath,runtimeClasspath,testCompileClasspath,testRuntimeClasspath
com.guardsquare:proguard-base:7.9.1=buildScriptClasspath,compileClasspath,precompiledScriptPluginAccessorsGenerationClasspath,runtimeClasspath,testCompileClasspath,testRuntimeClasspath
com.guardsquare:proguard-core:9.3.2=buildScriptClasspath,compileClasspath,precompiledScriptPluginAccessorsGenerationClasspath,runtimeClasspath,testCompileClasspath,testRuntimeClasspath
com.guardsquare:proguard-gradle:7.9.1=buildScriptClasspath,compileClasspath,precompiledScriptPluginAccessorsGenerationClasspath,runtimeClasspath,testCompileClasspath,testRuntimeClasspath
com.squareup.moshi:moshi-kotlin:1.15.2=buildScriptClasspath,precompiledScriptPluginAccessorsGenerationClasspath,runtimeClasspath,testRuntimeClasspath
com.squareup.moshi:moshi:1.15.2=buildScriptClasspath,precompiledScriptPluginAccessorsGenerationClasspath,runtimeClasspath,testRuntimeClasspath
com.squareup.okhttp3:okhttp-jvm:5.1.0=buildScriptClasspath,precompiledScriptPluginAccessorsGenerationClasspath,runtimeClasspath,testRuntimeClasspath
com.squareup.okhttp3:okhttp:5.1.0=buildScriptClasspath,precompiledScriptPluginAccessorsGenerationClasspath,runtimeClasspath,testRuntimeClasspath
com.squareup.okio:okio-jvm:3.15.0=buildScriptClasspath,precompiledScriptPluginAccessorsGenerationClasspath,runtimeClasspath,testRuntimeClasspath
com.squareup.okio:okio:3.15.0=buildScriptClasspath,precompiledScriptPluginAccessorsGenerationClasspath,runtimeClasspath,testRuntimeClasspath
com.squareup.retrofit2:converter-moshi:3.0.0=buildScriptClasspath,precompiledScriptPluginAccessorsGenerationClasspath,runtimeClasspath,testRuntimeClasspath
com.squareup.retrofit2:converter-scalars:3.0.0=buildScriptClasspath,precompiledScriptPluginAccessorsGenerationClasspath,runtimeClasspath,testRuntimeClasspath
com.squareup.retrofit2:retrofit:3.0.0=buildScriptClasspath,precompiledScriptPluginAccessorsGenerationClasspath,runtimeClasspath,testRuntimeClasspath
com.vanniktech:central-portal:0.36.0=buildScriptClasspath,precompiledScriptPluginAccessorsGenerationClasspath,runtimeClasspath,testRuntimeClasspath
com.vanniktech:gradle-maven-publish-plugin:0.36.0=buildScriptClasspath,compileClasspath,precompiledScriptPluginAccessorsGenerationClasspath,runtimeClasspath,testCompileClasspath,testRuntimeClasspath
commons-io:commons-io:2.19.0=buildScriptClasspath,precompiledScriptPluginAccessorsGenerationClasspath,runtimeClasspath,testRuntimeClasspath
io.github.java-diff-utils:java-diff-utils:4.12=kotlinInternalAbiValidation
io.gitlab.arturbosch.detekt:detekt-gradle-plugin:1.23.8=buildScriptClasspath,compileClasspath,precompiledScriptPluginAccessorsGenerationClasspath,runtimeClasspath,testCompileClasspath,testRuntimeClasspath
org.apache.ant:ant-launcher:1.10.15=buildScriptClasspath,compileClasspath,precompiledScriptPluginAccessorsGenerationClasspath,runtimeClasspath,testCompileClasspath,testRuntimeClasspath
org.apache.ant:ant:1.10.15=buildScriptClasspath,compileClasspath,precompiledScriptPluginAccessorsGenerationClasspath,runtimeClasspath,testCompileClasspath,testRuntimeClasspath
org.apache.logging.log4j:log4j-api:2.25.3=buildScriptClasspath,precompiledScriptPluginAccessorsGenerationClasspath,runtimeClasspath,testRuntimeClasspath
org.apache.logging.log4j:log4j-core:2.25.3=buildScriptClasspath,precompiledScriptPluginAccessorsGenerationClasspath,runtimeClasspath,testRuntimeClasspath
org.apache.maven:maven-api-annotations:4.0.0-rc-3=buildScriptClasspath,precompiledScriptPluginAccessorsGenerationClasspath,runtimeClasspath,testRuntimeClasspath
org.apache.maven:maven-api-xml:4.0.0-rc-3=buildScriptClasspath,precompiledScriptPluginAccessorsGenerationClasspath,runtimeClasspath,testRuntimeClasspath
org.apache.maven:maven-xml:4.0.0-rc-3=buildScriptClasspath,precompiledScriptPluginAccessorsGenerationClasspath,runtimeClasspath,testRuntimeClasspath
org.codehaus.plexus:plexus-utils:4.0.2=buildScriptClasspath,precompiledScriptPluginAccessorsGenerationClasspath,runtimeClasspath,testRuntimeClasspath
org.codehaus.plexus:plexus-xml:4.1.0=buildScriptClasspath,precompiledScriptPluginAccessorsGenerationClasspath,runtimeClasspath,testRuntimeClasspath
org.codehaus.woodstox:stax2-api:4.2.2=buildScriptClasspath,precompiledScriptPluginAccessorsGenerationClasspath,runtimeClasspath,testRuntimeClasspath
org.jdom:jdom2:2.0.6.1=buildScriptClasspath,precompiledScriptPluginAccessorsGenerationClasspath,runtimeClasspath,testRuntimeClasspath
org.jetbrains.dokka:dokka-core:2.2.0=buildScriptClasspath,compileClasspath,precompiledScriptPluginAccessorsGenerationClasspath,runtimeClasspath,testCompileClasspath,testRuntimeClasspath
org.jetbrains.dokka:dokka-gradle-plugin:2.2.0=buildScriptClasspath,compileClasspath,precompiledScriptPluginAccessorsGenerationClasspath,runtimeClasspath,testCompileClasspath,testRuntimeClasspath
org.jetbrains.kotlin:abi-tools-api:2.3.20=kotlinInternalAbiValidation
org.jetbrains.kotlin:abi-tools-api:2.3.21=buildScriptClasspath,precompiledScriptPluginAccessorsGenerationClasspath,runtimeClasspath,testRuntimeClasspath
org.jetbrains.kotlin:abi-tools:2.3.20=kotlinInternalAbiValidation
org.jetbrains.kotlin:fus-statistics-gradle-plugin:2.3.21=buildScriptClasspath,compileClasspath,precompiledScriptPluginAccessorsGenerationClasspath,runtimeClasspath,testCompileClasspath,testRuntimeClasspath
org.jetbrains.kotlin:kotlin-assignment-compiler-plugin-embeddable:2.3.20=kotlinCompilerPluginClasspathMain,kotlinCompilerPluginClasspathTest
org.jetbrains.kotlin:kotlin-build-statistics:2.3.21=buildScriptClasspath,precompiledScriptPluginAccessorsGenerationClasspath,runtimeClasspath,testRuntimeClasspath
org.jetbrains.kotlin:kotlin-build-tools-api:2.3.20=kotlinBuildToolsApiClasspath,kotlinCompilerClasspath
org.jetbrains.kotlin:kotlin-build-tools-api:2.3.21=buildScriptClasspath,compileClasspath,precompiledScriptPluginAccessorsGenerationClasspath,runtimeClasspath,testCompileClasspath,testRuntimeClasspath
org.jetbrains.kotlin:kotlin-build-tools-compat:2.3.20=kotlinBuildToolsApiClasspath,kotlinCompilerClasspath
org.jetbrains.kotlin:kotlin-build-tools-cri-impl:2.3.20=kotlinBuildToolsApiClasspath,kotlinCompilerClasspath
org.jetbrains.kotlin:kotlin-build-tools-impl:2.3.20=kotlinBuildToolsApiClasspath,kotlinCompilerClasspath
org.jetbrains.kotlin:kotlin-compiler-embeddable:2.3.20=kotlinBuildToolsApiClasspath,kotlinCompilerClasspath,kotlinKlibCommonizerClasspath
org.jetbrains.kotlin:kotlin-compiler-runner:2.3.20=kotlinBuildToolsApiClasspath,kotlinCompilerClasspath
org.jetbrains.kotlin:kotlin-compiler-runner:2.3.21=buildScriptClasspath,precompiledScriptPluginAccessorsGenerationClasspath,runtimeClasspath,testRuntimeClasspath
org.jetbrains.kotlin:kotlin-daemon-client:2.3.20=kotlinBuildToolsApiClasspath,kotlinCompilerClasspath
org.jetbrains.kotlin:kotlin-daemon-client:2.3.21=buildScriptClasspath,precompiledScriptPluginAccessorsGenerationClasspath,runtimeClasspath,testRuntimeClasspath
org.jetbrains.kotlin:kotlin-daemon-embeddable:2.3.20=kotlinBuildToolsApiClasspath,kotlinCompilerClasspath,kotlinKlibCommonizerClasspath
org.jetbrains.kotlin:kotlin-gradle-plugin-annotations:2.3.21=buildScriptClasspath,compileClasspath,precompiledScriptPluginAccessorsGenerationClasspath,runtimeClasspath,testCompileClasspath,testRuntimeClasspath
org.jetbrains.kotlin:kotlin-gradle-plugin-api:2.3.21=buildScriptClasspath,compileClasspath,precompiledScriptPluginAccessorsGenerationClasspath,runtimeClasspath,testCompileClasspath,testRuntimeClasspath
org.jetbrains.kotlin:kotlin-gradle-plugin-idea-proto:2.3.21=buildScriptClasspath,precompiledScriptPluginAccessorsGenerationClasspath,runtimeClasspath,testRuntimeClasspath
org.jetbrains.kotlin:kotlin-gradle-plugin-idea:2.3.21=buildScriptClasspath,precompiledScriptPluginAccessorsGenerationClasspath,runtimeClasspath,testRuntimeClasspath
org.jetbrains.kotlin:kotlin-gradle-plugin:2.3.21=buildScriptClasspath,compileClasspath,precompiledScriptPluginAccessorsGenerationClasspath,runtimeClasspath,testCompileClasspath,testRuntimeClasspath
org.jetbrains.kotlin:kotlin-gradle-plugins-bom:2.3.21=buildScriptClasspath,compileClasspath,precompiledScriptPluginAccessorsGenerationClasspath,runtimeClasspath,testCompileClasspath,testRuntimeClasspath
org.jetbrains.kotlin:kotlin-klib-abi-reader:2.3.20=kotlinInternalAbiValidation
org.jetbrains.kotlin:kotlin-klib-commonizer-api:2.3.21=buildScriptClasspath,precompiledScriptPluginAccessorsGenerationClasspath,runtimeClasspath,testRuntimeClasspath
org.jetbrains.kotlin:kotlin-klib-commonizer-embeddable:2.3.20=kotlinKlibCommonizerClasspath
org.jetbrains.kotlin:kotlin-metadata-jvm:2.3.0=buildScriptClasspath,precompiledScriptPluginAccessorsGenerationClasspath,runtimeClasspath,testRuntimeClasspath
org.jetbrains.kotlin:kotlin-metadata-jvm:2.3.20=kotlinInternalAbiValidation
org.jetbrains.kotlin:kotlin-native-utils:2.3.21=buildScriptClasspath,compileClasspath,precompiledScriptPluginAccessorsGenerationClasspath,runtimeClasspath,testCompileClasspath,testRuntimeClasspath
org.jetbrains.kotlin:kotlin-reflect:1.6.10=kotlinBuildToolsApiClasspath,kotlinCompilerClasspath,kotlinKlibCommonizerClasspath
org.jetbrains.kotlin:kotlin-reflect:1.8.21=buildScriptClasspath,runtimeClasspath
org.jetbrains.kotlin:kotlin-reflect:2.3.20=compileClasspath,embeddedKotlin,precompiledScriptPluginAccessorsGenerationClasspath,testCompileClasspath,testRuntimeClasspath
org.jetbrains.kotlin:kotlin-sam-with-receiver-compiler-plugin-embeddable:2.3.20=kotlinCompilerPluginClasspathMain,kotlinCompilerPluginClasspathTest
org.jetbrains.kotlin:kotlin-script-runtime:2.3.20=compilePluginsBlocksPluginClasspathElements,kotlinBuildToolsApiClasspath,kotlinCompilerClasspath,kotlinCompilerPluginClasspathMain,kotlinCompilerPluginClasspathTest,kotlinKlibCommonizerClasspath
org.jetbrains.kotlin:kotlin-scripting-common:2.3.20=compilePluginsBlocksPluginClasspathElements,kotlinCompilerPluginClasspathMain,kotlinCompilerPluginClasspathTest
org.jetbrains.kotlin:kotlin-scripting-compiler-embeddable:2.3.20=compilePluginsBlocksPluginClasspathElements,kotlinCompilerPluginClasspathMain,kotlinCompilerPluginClasspathTest
org.jetbrains.kotlin:kotlin-scripting-compiler-impl-embeddable:2.3.20=compilePluginsBlocksPluginClasspathElements,kotlinCompilerPluginClasspathMain,kotlinCompilerPluginClasspathTest
org.jetbrains.kotlin:kotlin-scripting-jvm:2.3.20=compilePluginsBlocksPluginClasspathElements,kotlinCompilerPluginClasspathMain,kotlinCompilerPluginClasspathTest
org.jetbrains.kotlin:kotlin-stdlib-common:2.3.0=buildScriptClasspath,runtimeClasspath
org.jetbrains.kotlin:kotlin-stdlib-common:2.3.20=precompiledScriptPluginAccessorsGenerationClasspath,testRuntimeClasspath
org.jetbrains.kotlin:kotlin-stdlib-jdk7:1.8.21=buildScriptClasspath,precompiledScriptPluginAccessorsGenerationClasspath,runtimeClasspath,testRuntimeClasspath
org.jetbrains.kotlin:kotlin-stdlib-jdk8:1.8.21=buildScriptClasspath,precompiledScriptPluginAccessorsGenerationClasspath,runtimeClasspath,testRuntimeClasspath
org.jetbrains.kotlin:kotlin-stdlib:2.3.0=buildScriptClasspath,runtimeClasspath
org.jetbrains.kotlin:kotlin-stdlib:2.3.20=compileClasspath,compilePluginsBlocksPluginClasspathElements,embeddedKotlin,kotlinBuildToolsApiClasspath,kotlinCompilerClasspath,kotlinCompilerPluginClasspathMain,kotlinCompilerPluginClasspathTest,kotlinInternalAbiValidation,kotlinKlibCommonizerClasspath,precompiledScriptPluginAccessorsGenerationClasspath,testCompileClasspath,testRuntimeClasspath
org.jetbrains.kotlin:kotlin-tooling-core:2.3.20=kotlinBuildToolsApiClasspath,kotlinCompilerClasspath
org.jetbrains.kotlin:kotlin-tooling-core:2.3.21=buildScriptClasspath,compileClasspath,precompiledScriptPluginAccessorsGenerationClasspath,runtimeClasspath,testCompileClasspath,testRuntimeClasspath
org.jetbrains.kotlin:kotlin-util-io:2.3.21=buildScriptClasspath,compileClasspath,precompiledScriptPluginAccessorsGenerationClasspath,runtimeClasspath,testCompileClasspath,testRuntimeClasspath
org.jetbrains.kotlin:kotlin-util-klib-metadata:2.3.21=buildScriptClasspath,precompiledScriptPluginAccessorsGenerationClasspath,runtimeClasspath,testRuntimeClasspath
org.jetbrains.kotlin:kotlin-util-klib:2.3.21=buildScriptClasspath,precompiledScriptPluginAccessorsGenerationClasspath,runtimeClasspath,testRuntimeClasspath
org.jetbrains.kotlinx:kotlinx-coroutines-bom:1.8.0=buildScriptClasspath,precompiledScriptPluginAccessorsGenerationClasspath,runtimeClasspath,testRuntimeClasspath
org.jetbrains.kotlinx:kotlinx-coroutines-core-jvm:1.8.0=buildScriptClasspath,kotlinBuildToolsApiClasspath,kotlinCompilerClasspath,kotlinKlibCommonizerClasspath,precompiledScriptPluginAccessorsGenerationClasspath,runtimeClasspath,testRuntimeClasspath
org.jetbrains.kotlinx:kotlinx-coroutines-core:1.8.0=buildScriptClasspath,precompiledScriptPluginAccessorsGenerationClasspath,runtimeClasspath,testRuntimeClasspath
org.jetbrains.kotlinx:kotlinx-serialization-bom:1.6.0=buildScriptClasspath,precompiledScriptPluginAccessorsGenerationClasspath,runtimeClasspath,testRuntimeClasspath
org.jetbrains.kotlinx:kotlinx-serialization-core-jvm:1.6.0=buildScriptClasspath,precompiledScriptPluginAccessorsGenerationClasspath,runtimeClasspath,testRuntimeClasspath
org.jetbrains.kotlinx:kotlinx-serialization-core:1.6.0=buildScriptClasspath,precompiledScriptPluginAccessorsGenerationClasspath,runtimeClasspath,testRuntimeClasspath
org.jetbrains.kotlinx:kotlinx-serialization-json-jvm:1.6.0=buildScriptClasspath,precompiledScriptPluginAccessorsGenerationClasspath,runtimeClasspath,testRuntimeClasspath
org.jetbrains.kotlinx:kotlinx-serialization-json:1.6.0=buildScriptClasspath,precompiledScriptPluginAccessorsGenerationClasspath,runtimeClasspath,testRuntimeClasspath
org.jetbrains:annotations:13.0=compileClasspath,compilePluginsBlocksPluginClasspathElements,embeddedKotlin,kotlinBuildToolsApiClasspath,kotlinCompilerClasspath,kotlinCompilerPluginClasspathMain,kotlinCompilerPluginClasspathTest,kotlinInternalAbiValidation,kotlinKlibCommonizerClasspath,testCompileClasspath
org.jetbrains:annotations:26.0.1=buildScriptClasspath,precompiledScriptPluginAccessorsGenerationClasspath,runtimeClasspath,testRuntimeClasspath
org.json:json:20231013=buildScriptClasspath,precompiledScriptPluginAccessorsGenerationClasspath,runtimeClasspath,testRuntimeClasspath
org.ow2.asm:asm-commons:9.8=buildScriptClasspath,precompiledScriptPluginAccessorsGenerationClasspath,runtimeClasspath,testRuntimeClasspath
org.ow2.asm:asm-tree:9.8=buildScriptClasspath,precompiledScriptPluginAccessorsGenerationClasspath,runtimeClasspath,testRuntimeClasspath
org.ow2.asm:asm:9.8=buildScriptClasspath,precompiledScriptPluginAccessorsGenerationClasspath,runtimeClasspath,testRuntimeClasspath
org.slf4j:slf4j-api:1.7.36=buildScriptClasspath,precompiledScriptPluginAccessorsGenerationClasspath,runtimeClasspath,testRuntimeClasspath
org.vafer:jdependency:2.13=buildScriptClasspath,precompiledScriptPluginAccessorsGenerationClasspath,runtimeClasspath,testRuntimeClasspath
empty=annotationProcessor,implementationDependenciesMetadata,kotlinCompilerPluginClasspath,kotlinNativeCompilerPluginClasspath,kotlinScriptDefExtensions,testAnnotationProcessor,testImplementationDependenciesMetadata,testKotlinScriptDefExtensions
