{
  "name": "@anthropic-ai/mcp-server-documents",
  "version": "0.0.1",
  "lockfileVersion": 3,
  "requires": true,
  "packages": {
    "": {
      "name": "@anthropic-ai/mcp-server-documents",
      "version": "0.0.1",
      "license": "MIT",
      "dependencies": {
        "@llamaindex/liteparse": "2.0.8"
      },
      "devDependencies": {
        "@types/node": "^22.0.0",
        "typescript": "^5.6.0"
      },
      "engines": {
        "node": ">=22.13"
      }
    },
    "node_modules/@llamaindex/liteparse": {
      "version": "2.0.8",
      "resolved": "https://registry.npmjs.org/@llamaindex/liteparse/-/liteparse-2.0.8.tgz",
      "integrity": "sha512-53xwfAkUeBAIPx3M9Y0s1JoHgwMApApxd3cM8nWOGarYdFl92t+8bgxxswnXOl43MnSx7AaeUS8AtiwbMly37A==",
      "license": "Apache-2.0",
      "dependencies": {
        "commander": "^12.0.0"
      },
      "bin": {
        "lit": "dist/cli.js",
        "liteparse": "dist/cli.js"
      },
      "engines": {
        "node": ">=18.0.0"
      },
      "optionalDependencies": {
        "@llamaindex/liteparse-darwin-arm64": "2.0.8",
        "@llamaindex/liteparse-darwin-x64": "2.0.8",
        "@llamaindex/liteparse-linux-arm64-gnu": "2.0.8",
        "@llamaindex/liteparse-linux-x64-gnu": "2.0.8",
        "@llamaindex/liteparse-linux-x64-musl": "2.0.8",
        "@llamaindex/liteparse-win32-arm64-msvc": "2.0.8",
        "@llamaindex/liteparse-win32-x64-msvc": "2.0.8"
      }
    },
    "node_modules/@llamaindex/liteparse-darwin-arm64": {
      "version": "2.0.8",
      "resolved": "https://registry.npmjs.org/@llamaindex/liteparse-darwin-arm64/-/liteparse-darwin-arm64-2.0.8.tgz",
      "integrity": "sha512-gVY6NrQmkKXpPvORDmmEMpVGYu7/2lMgQ4wC3GNmIaYGEt77zeMptQEo+igcsA86UskGSyHiCeDGzUYJGG0Bvw==",
      "cpu": [
        "arm64"
      ],
      "license": "Apache-2.0",
      "optional": true,
      "os": [
        "darwin"
      ]
    },
    "node_modules/@llamaindex/liteparse-darwin-x64": {
      "version": "2.0.8",
      "resolved": "https://registry.npmjs.org/@llamaindex/liteparse-darwin-x64/-/liteparse-darwin-x64-2.0.8.tgz",
      "integrity": "sha512-+Rx6DNG3Cy3nPtk/CCh6cXZkH2iCkV5iB5a4GpHP83slgEf5tYqBSYigLtOEiL4geHs3XnNN/R98hJGEjIdW/Q==",
      "cpu": [
        "x64"
      ],
      "license": "Apache-2.0",
      "optional": true,
      "os": [
        "darwin"
      ]
    },
    "node_modules/@llamaindex/liteparse-linux-arm64-gnu": {
      "version": "2.0.8",
      "resolved": "https://registry.npmjs.org/@llamaindex/liteparse-linux-arm64-gnu/-/liteparse-linux-arm64-gnu-2.0.8.tgz",
      "integrity": "sha512-hxbZizKLnn0vMvUH+Szgg3EBzyl8kktAY4/JATycab06sRamx7M1+kDSZ9MOq7StvDWH/s2f+ZteHUAZJDxEtg==",
      "cpu": [
        "arm64"
      ],
      "libc": [
        "glibc"
      ],
      "license": "Apache-2.0",
      "optional": true,
      "os": [
        "linux"
      ]
    },
    "node_modules/@llamaindex/liteparse-linux-x64-gnu": {
      "version": "2.0.8",
      "resolved": "https://registry.npmjs.org/@llamaindex/liteparse-linux-x64-gnu/-/liteparse-linux-x64-gnu-2.0.8.tgz",
      "integrity": "sha512-Kvck+S+V06J5UgyGgaHsPqdBN++hgthEwXsLoQnGc8RSJMn05VomAl+6rmcHKTX+iZk63uD42bSVrhBOW/Gm1A==",
      "cpu": [
        "x64"
      ],
      "libc": [
        "glibc"
      ],
      "license": "Apache-2.0",
      "optional": true,
      "os": [
        "linux"
      ]
    },
    "node_modules/@llamaindex/liteparse-linux-x64-musl": {
      "version": "2.0.8",
      "resolved": "https://registry.npmjs.org/@llamaindex/liteparse-linux-x64-musl/-/liteparse-linux-x64-musl-2.0.8.tgz",
      "integrity": "sha512-aIqGQFlhAfHDy6wPLmMZb4K8pm1qhWWWv4aXz+8bFeni/41Chj7ZHlmkET7cOqNIlexRhSwXflZCwoMwtFnXdw==",
      "cpu": [
        "x64"
      ],
      "libc": [
        "musl"
      ],
      "license": "Apache-2.0",
      "optional": true,
      "os": [
        "linux"
      ]
    },
    "node_modules/@llamaindex/liteparse-win32-arm64-msvc": {
      "version": "2.0.8",
      "resolved": "https://registry.npmjs.org/@llamaindex/liteparse-win32-arm64-msvc/-/liteparse-win32-arm64-msvc-2.0.8.tgz",
      "integrity": "sha512-aeM2nCrvd+W16/oMO5WYckGM1JAAmddxPo09mY8ltMhb24ym9zH61zC4L69TBeVyK9xX2x1KrceCRvpcz2qjBw==",
      "cpu": [
        "arm64"
      ],
      "license": "Apache-2.0",
      "optional": true,
      "os": [
        "win32"
      ]
    },
    "node_modules/@llamaindex/liteparse-win32-x64-msvc": {
      "version": "2.0.8",
      "resolved": "https://registry.npmjs.org/@llamaindex/liteparse-win32-x64-msvc/-/liteparse-win32-x64-msvc-2.0.8.tgz",
      "integrity": "sha512-v+j2HsZJkVo2dYgc15Fe9xmALb66m91cegjiNKOwqyOW4JLnR+q26x5j0YdHAGkymWqCezOEAzmEpCWskrykEA==",
      "cpu": [
        "x64"
      ],
      "license": "Apache-2.0",
      "optional": true,
      "os": [
        "win32"
      ]
    },
    "node_modules/@types/node": {
      "version": "22.20.1",
      "resolved": "https://registry.npmjs.org/@types/node/-/node-22.20.1.tgz",
      "integrity": "sha512-EANqOCF9QFyra+4pfxUcX9STKJpCLjMbObVzljIJomAWSnuSIEAvyzEU53GaajbXJEgdh0iEcPL+DGvpUd4k1Q==",
      "dev": true,
      "license": "MIT",
      "dependencies": {
        "undici-types": "~6.21.0"
      }
    },
    "node_modules/commander": {
      "version": "12.1.0",
      "resolved": "https://registry.npmjs.org/commander/-/commander-12.1.0.tgz",
      "integrity": "sha512-Vw8qHK3bZM9y/P10u3Vib8o/DdkvA2OtPtZvD871QKjy74Wj1WSKFILMPRPSdUSx5RFK1arlJzEtA4PkFgnbuA==",
      "license": "MIT",
      "engines": {
        "node": ">=18"
      }
    },
    "node_modules/typescript": {
      "version": "5.9.3",
      "resolved": "https://registry.npmjs.org/typescript/-/typescript-5.9.3.tgz",
      "integrity": "sha512-jl1vZzPDinLr9eUt3J/t7V6FgNEw9QjvBPdysz9KfQDD41fQrC2Y4vKQdiaUpFT4bXlb1RHhLpp8wtm6M5TgSw==",
      "dev": true,
      "license": "Apache-2.0",
      "bin": {
        "tsc": "bin/tsc",
        "tsserver": "bin/tsserver"
      },
      "engines": {
        "node": ">=14.17"
      }
    },
    "node_modules/undici-types": {
      "version": "6.21.0",
      "resolved": "https://registry.npmjs.org/undici-types/-/undici-types-6.21.0.tgz",
      "integrity": "sha512-iwDZqg0QAGrg9Rav5H4n0M64c3mkR59cJ6wQp+7C4nI0gsmExaedaYLNO44eT4AtBBwjbTiGPMlt2Md0T9H9JQ==",
      "dev": true,
      "license": "MIT"
    }
  }
}
