# This file is automatically @generated by Cargo.
# It is not intended for manual editing.
version = 4

[[package]]
name = "devdep"
version = "0.1.0"
dependencies = [
 "inner",
]

[[package]]
name = "inner"
version = "0.1.0"

[[package]]
name = "sample-path-dep"
version = "0.1.0"
dependencies = [
 "devdep",
]
